// !$*UTF8*$!
{
	archiveVersion = 1;
	classes = {
	};
	objectVersion = 56;
	objects = {

/* Begin PBXBuildFile section */
		70540EF12B1E0C850053FC08 /* PartyExplorerApp.swift in Sources */ = {isa = PBXBuildFile; fileRef = 70540EF02B1E0C850053FC08 /* PartyExplorerApp.swift */; };
		70540EF32B1E0C850053FC08 /* ContentView.swift in Sources */ = {isa = PBXBuildFile; fileRef = 70540EF22B1E0C850053FC08 /* ContentView.swift */; };
		70540EF52B1E0C850053FC08 /* Assets.xcassets in Resources */ = {isa = PBXBuildFile; fileRef = 70540EF42B1E0C850053FC08 /* Assets.xcassets */; };
		70540EF92B1E0C850053FC08 /* Preview Assets.xcassets in Resources */ = {isa = PBXBuildFile; fileRef = 70540EF82B1E0C850053FC08 /* Preview Assets.xcassets */; };
		70540F032B1E0C850053FC08 /* PartyExplorerTests.swift in Sources */ = {isa = PBXBuildFile; fileRef = 70540F022B1E0C850053FC08 /* PartyExplorerTests.swift */; };
		70540F0D2B1E0C850053FC08 /* PartyExplorerUITests.swift in Sources */ = {isa = PBXBuildFile; fileRef = 70540F0C2B1E0C850053FC08 /* PartyExplorerUITests.swift */; };
		70540F0F2B1E0C850053FC08 /* PartyExplorerUITestsLaunchTests.swift in Sources */ = {isa = PBXBuildFile; fileRef = 70540F0E2B1E0C850053FC08 /* PartyExplorerUITestsLaunchTests.swift */; };
/* End PBXBuildFile section */

/* Begin PBXContainerItemProxy section */
		70540EFF2B1E0C850053FC08 /* PBXContainerItemProxy */ = {
			isa = PBXContainerItemProxy;
			containerPortal = 70540EE52B1E0C840053FC08 /* Project object */;
			proxyType = 1;
			remoteGlobalIDString = 70540EEC2B1E0C850053FC08;
			remoteInfo = PartyExplorer;
		};
		70540F092B1E0C850053FC08 /* PBXContainerItemProxy */ = {
			isa = PBXContainerItemProxy;
			containerPortal = 70540EE52B1E0C840053FC08 /* Project object */;
			proxyType = 1;
			remoteGlobalIDString = 70540EEC2B1E0C850053FC08;
			remoteInfo = PartyExplorer;
		};
/* End PBXContainerItemProxy section */

/* Begin PBXFileReference section */
		70540EED2B1E0C850053FC08 /* PartyExplorer.app */ = {isa = PBXFileReference; explicitFileType = wrapper.application; includeInIndex = 0; path = PartyExplorer.app; sourceTree = BUILT_PRODUCTS_DIR; };
		70540EF02B1E0C850053FC08 /* PartyExplorerApp.swift */ = {isa = PBXFileReference; lastKnownFileType = sourcecode.swift; path = PartyExplorerApp.swift; sourceTree = "<group>"; };
		70540EF22B1E0C850053FC08 /* ContentView.swift */ = {isa = PBXFileReference; lastKnownFileType = sourcecode.swift; path = ContentView.swift; sourceTree = "<group>"; };
		70540EF42B1E0C850053FC08 /* Assets.xcassets */ = {isa = PBXFileReference; lastKnownFileType = folder.assetcatalog; path = Assets.xcassets; sourceTree = "<group>"; };
		70540EF62B1E0C850053FC08 /* PartyExplorer.entitlements */ = {isa = PBXFileReference; lastKnownFileType = text.plist.entitlements; path = PartyExplorer.entitlements; sourceTree = "<group>"; };
		70540EF82B1E0C850053FC08 /* Preview Assets.xcassets */ = {isa = PBXFileReference; lastKnownFileType = folder.assetcatalog; path = "Preview Assets.xcassets"; sourceTree = "<group>"; };
		70540EFE2B1E0C850053FC08 /* PartyExplorerTests.xctest */ = {isa = PBXFileReference; explicitFileType = wrapper.cfbundle; includeInIndex = 0; path = PartyExplorerTests.xctest; sourceTree = BUILT_PRODUCTS_DIR; };
		70540F022B1E0C850053FC08 /* PartyExplorerTests.swift */ = {isa = PBXFileReference; lastKnownFileType = sourcecode.swift; path = PartyExplorerTests.swift; sourceTree = "<group>"; };
		70540F082B1E0C850053FC08 /* PartyExplorerUITests.xctest */ = {isa = PBXFileReference; explicitFileType = wrapper.cfbundle; includeInIndex = 0; path = PartyExplorerUITests.xctest; sourceTree = BUILT_PRODUCTS_DIR; };
		70540F0C2B1E0C850053FC08 /* PartyExplorerUITests.swift */ = {isa = PBXFileReference; lastKnownFileType = sourcecode.swift; path = PartyExplorerUITests.swift; sourceTree = "<group>"; };
		70540F0E2B1E0C850053FC08 /* PartyExplorerUITestsLaunchTests.swift */ = {isa = PBXFileReference; lastKnownFileType = sourcecode.swift; path = PartyExplorerUITestsLaunchTests.swift; sourceTree = "<group>"; };
/* End PBXFileReference section */

/* Begin PBXFrameworksBuildPhase section */
		70540EEA2B1E0C850053FC08 /* Frameworks */ = {
			isa = PBXFrameworksBuildPhase;
			buildActionMask = 2147483647;
			files = (
			);
			runOnlyForDeploymentPostprocessing = 0;
		};
		70540EFB2B1E0C850053FC08 /* Frameworks */ = {
			isa = PBXFrameworksBuildPhase;
			buildActionMask = 2147483647;
			files = (
			);
			runOnlyForDeploymentPostprocessing = 0;
		};
		70540F052B1E0C850053FC08 /* Frameworks */ = {
			isa = PBXFrameworksBuildPhase;
			buildActionMask = 2147483647;
			files = (
			);
			runOnlyForDeploymentPostprocessing = 0;
		};
/* End PBXFrameworksBuildPhase section */

/* Begin PBXGroup section */
		70540EE42B1E0C840053FC08 = {
			isa = PBXGroup;
			children = (
				70540EEF2B1E0C850053FC08 /* PartyExplorer */,
				70540F012B1E0C850053FC08 /* PartyExplorerTests */,
				70540F0B2B1E0C850053FC08 /* PartyExplorerUITests */,
				70540EEE2B1E0C850053FC08 /* Products */,
			);
			sourceTree = "<group>";
		};
		70540EEE2B1E0C850053FC08 /* Products */ = {
			isa = PBXGroup;
			children = (
				70540EED2B1E0C850053FC08 /* PartyExplorer.app */,
				70540EFE2B1E0C850053FC08 /* PartyExplorerTests.xctest */,
				70540F082B1E0C850053FC08 /* PartyExplorerUITests.xctest */,
			);
			name = Products;
			sourceTree = "<group>";
		};
		70540EEF2B1E0C850053FC08 /* PartyExplorer */ = {
			isa = PBXGroup;
			children = (
				70540EF02B1E0C850053FC08 /* PartyExplorerApp.swift */,
				70540EF22B1E0C850053FC08 /* ContentView.swift */,
				70540EF42B1E0C850053FC08 /* Assets.xcassets */,
				70540EF62B1E0C850053FC08 /* PartyExplorer.entitlements */,
				70540EF72B1E0C850053FC08 /* Preview Content */,
			);
			path = PartyExplorer;
			sourceTree = "<group>";
		};
		70540EF72B1E0C850053FC08 /* Preview Content */ = {
			isa = PBXGroup;
			children = (
				70540EF82B1E0C850053FC08 /* Preview Assets.xcassets */,
			);
			path = "Preview Content";
			sourceTree = "<group>";
		};
		70540F012B1E0C850053FC08 /* PartyExplorerTests */ = {
			isa = PBXGroup;
			children = (
				70540F022B1E0C850053FC08 /* PartyExplorerTests.swift */,
			);
			path = PartyExplorerTests;
			sourceTree = "<group>";
		};
		70540F0B2B1E0C850053FC08 /* PartyExplorerUITests */ = {
			isa = PBXGroup;
			children = (
				70540F0C2B1E0C850053FC08 /* PartyExplorerUITests.swift */,
				70540F0E2B1E0C850053FC08 /* PartyExplorerUITestsLaunchTests.swift */,
			);
			path = PartyExplorerUITests;
			sourceTree = "<group>";
		};
/* End PBXGroup section */

/* Begin PBXNativeTarget section */
		70540EEC2B1E0C850053FC08 /* PartyExplorer */ = {
			isa = PBXNativeTarget;
			buildConfigurationList = 70540F122B1E0C850053FC08 /* Build configuration list for PBXNativeTarget "PartyExplorer" */;
			buildPhases = (
				70540EE92B1E0C850053FC08 /* Sources */,
				70540EEA2B1E0C850053FC08 /* Frameworks */,
				70540EEB2B1E0C850053FC08 /* Resources */,
			);
			buildRules = (
			);
			dependencies = (
			);
			name = PartyExplorer;
			productName = PartyExplorer;
			productReference = 70540EED2B1E0C850053FC08 /* PartyExplorer.app */;
			productType = "com.apple.product-type.application";
		};
		70540EFD2B1E0C850053FC08 /* PartyExplorerTests */ = {
			isa = PBXNativeTarget;
			buildConfigurationList = 70540F152B1E0C850053FC08 /* Build configuration list for PBXNativeTarget "PartyExplorerTests" */;
			buildPhases = (
				70540EFA2B1E0C850053FC08 /* Sources */,
				70540EFB2B1E0C850053FC08 /* Frameworks */,
				70540EFC2B1E0C850053FC08 /* Resources */,
			);
			buildRules = (
			);
			dependencies = (
				70540F002B1E0C850053FC08 /* PBXTargetDependency */,
			);
			name = PartyExplorerTests;
			productName = PartyExplorerTests;
			productReference = 70540EFE2B1E0C850053FC08 /* PartyExplorerTests.xctest */;
			productType = "com.apple.product-type.bundle.unit-test";
		};
		70540F072B1E0C850053FC08 /* PartyExplorerUITests */ = {
			isa = PBXNativeTarget;
			buildConfigurationList = 70540F182B1E0C850053FC08 /* Build configuration list for PBXNativeTarget "PartyExplorerUITests" */;
			buildPhases = (
				70540F042B1E0C850053FC08 /* Sources */,
				70540F052B1E0C850053FC08 /* Frameworks */,
				70540F062B1E0C850053FC08 /* Resources */,
			);
			buildRules = (
			);
			dependencies = (
				70540F0A2B1E0C850053FC08 /* PBXTargetDependency */,
			);
			name = PartyExplorerUITests;
			productName = PartyExplorerUITests;
			productReference = 70540F082B1E0C850053FC08 /* PartyExplorerUITests.xctest */;
			productType = "com.apple.product-type.bundle.ui-testing";
		};
/* End PBXNativeTarget section */

/* Begin PBXProject section */
		70540EE52B1E0C840053FC08 /* Project object */ = {
			isa = PBXProject;
			attributes = {
				BuildIndependentTargetsInParallel = 1;
				LastSwiftUpdateCheck = 1500;
				LastUpgradeCheck = 1500;
				TargetAttributes = {
					70540EEC2B1E0C850053FC08 = {
						CreatedOnToolsVersion = 15.0.1;
					};
					70540EFD2B1E0C850053FC08 = {
						CreatedOnToolsVersion = 15.0.1;
						TestTargetID = 70540EEC2B1E0C850053FC08;
					};
					70540F072B1E0C850053FC08 = {
						CreatedOnToolsVersion = 15.0.1;
						TestTargetID = 70540EEC2B1E0C850053FC08;
					};
				};
			};
			buildConfigurationList = 70540EE82B1E0C840053FC08 /* Build configuration list for PBXProject "PartyExplorer" */;
			compatibilityVersion = "Xcode 14.0";
			developmentRegion = en;
			hasScannedForEncodings = 0;
			knownRegions = (
				en,
				Base,
			);
			mainGroup = 70540EE42B1E0C840053FC08;
			productRefGroup = 70540EEE2B1E0C850053FC08 /* Products */;
			projectDirPath = "";
			projectRoot = "";
			targets = (
				70540EEC2B1E0C850053FC08 /* PartyExplorer */,
				70540EFD2B1E0C850053FC08 /* PartyExplorerTests */,
				70540F072B1E0C850053FC08 /* PartyExplorerUITests */,
			);
		};
/* End PBXProject section */

/* Begin PBXResourcesBuildPhase section */
		70540EEB2B1E0C850053FC08 /* Resources */ = {
			isa = PBXResourcesBuildPhase;
			buildActionMask = 2147483647;
			files = (
				70540EF92B1E0C850053FC08 /* Preview Assets.xcassets in Resources */,
				70540EF52B1E0C850053FC08 /* Assets.xcassets in Resources */,
			);
			runOnlyForDeploymentPostprocessing = 0;
		};
		70540EFC2B1E0C850053FC08 /* Resources */ = {
			isa = PBXResourcesBuildPhase;
			buildActionMask = 2147483647;
			files = (
			);
			runOnlyForDeploymentPostprocessing = 0;
		};
		70540F062B1E0C850053FC08 /* Resources */ = {
			isa = PBXResourcesBuildPhase;
			buildActionMask = 2147483647;
			files = (
			);
			runOnlyForDeploymentPostprocessing = 0;
		};
/* End PBXResourcesBuildPhase section */

/* Begin PBXSourcesBuildPhase section */
		70540EE92B1E0C850053FC08 /* Sources */ = {
			isa = PBXSourcesBuildPhase;
			buildActionMask = 2147483647;
			files = (
				70540EF32B1E0C850053FC08 /* ContentView.swift in Sources */,
				70540EF12B1E0C850053FC08 /* PartyExplorerApp.swift in Sources */,
			);
			runOnlyForDeploymentPostprocessing = 0;
		};
		70540EFA2B1E0C850053FC08 /* Sources */ = {
			isa = PBXSourcesBuildPhase;
			buildActionMask = 2147483647;
			files = (
				70540F032B1E0C850053FC08 /* PartyExplorerTests.swift in Sources */,
			);
			runOnlyForDeploymentPostprocessing = 0;
		};
		70540F042B1E0C850053FC08 /* Sources */ = {
			isa = PBXSourcesBuildPhase;
			buildActionMask = 2147483647;
			files = (
				70540F0F2B1E0C850053FC08 /* PartyExplorerUITestsLaunchTests.swift in Sources */,
				70540F0D2B1E0C850053FC08 /* PartyExplorerUITests.swift in Sources */,
			);
			runOnlyForDeploymentPostprocessing = 0;
		};
/* End PBXSourcesBuildPhase section */

/* Begin PBXTargetDependency section */
		70540F002B1E0C850053FC08 /* PBXTargetDependency */ = {
			isa = PBXTargetDependency;
			target = 70540EEC2B1E0C850053FC08 /* PartyExplorer */;
			targetProxy = 70540EFF2B1E0C850053FC08 /* PBXContainerItemProxy */;
		};
		70540F0A2B1E0C850053FC08 /* PBXTargetDependency */ = {
			isa = PBXTargetDependency;
			target = 70540EEC2B1E0C850053FC08 /* PartyExplorer */;
			targetProxy = 70540F092B1E0C850053FC08 /* PBXContainerItemProxy */;
		};
/* End PBXTargetDependency section */

/* Begin XCBuildConfiguration section */
		70540F102B1E0C850053FC08 /* Debug */ = {
			isa = XCBuildConfiguration;
			buildSettings = {
				ALWAYS_SEARCH_USER_PATHS = NO;
				ASSETCATALOG_COMPILER_GENERATE_SWIFT_ASSET_SYMBOL_EXTENSIONS = YES;
				CLANG_ANALYZER_NONNULL = YES;
				CLANG_ANALYZER_NUMBER_OBJECT_CONVERSION = YES_AGGRESSIVE;
				CLANG_CXX_LANGUAGE_STANDARD = "gnu++20";
				CLANG_ENABLE_MODULES = YES;
				CLANG_ENABLE_OBJC_ARC = YES;
				CLANG_ENABLE_OBJC_WEAK = YES;
				CLANG_WARN_BLOCK_CAPTURE_AUTORELEASING = YES;
				CLANG_WARN_BOOL_CONVERSION = YES;
				CLANG_WARN_COMMA = YES;
				CLANG_WARN_CONSTANT_CONVERSION = YES;
				CLANG_WARN_DEPRECATED_OBJC_IMPLEMENTATIONS = YES;
				CLANG_WARN_DIRECT_OBJC_ISA_USAGE = YES_ERROR;
				CLANG_WARN_DOCUMENTATION_COMMENTS = YES;
				CLANG_WARN_EMPTY_BODY = YES;
				CLANG_WARN_ENUM_CONVERSION = YES;
				CLANG_WARN_INFINITE_RECURSION = YES;
				CLANG_WARN_INT_CONVERSION = YES;
				CLANG_WARN_NON_LITERAL_NULL_CONVERSION = YES;
				CLANG_WARN_OBJC_IMPLICIT_RETAIN_SELF = YES;
				CLANG_WARN_OBJC_LITERAL_CONVERSION = YES;
				CLANG_WARN_OBJC_ROOT_CLASS = YES_ERROR;
				CLANG_WARN_QUOTED_INCLUDE_IN_FRAMEWORK_HEADER = YES;
				CLANG_WARN_RANGE_LOOP_ANALYSIS = YES;
				CLANG_WARN_STRICT_PROTOTYPES = YES;
				CLANG_WARN_SUSPICIOUS_MOVE = YES;
				CLANG_WARN_UNGUARDED_AVAILABILITY = YES_AGGRESSIVE;
				CLANG_WARN_UNREACHABLE_CODE = YES;
				CLANG_WARN__DUPLICATE_METHOD_MATCH = YES;
				COPY_PHASE_STRIP = NO;
				DEBUG_INFORMATION_FORMAT = dwarf;
				ENABLE_STRICT_OBJC_MSGSEND = YES;
				ENABLE_TESTABILITY = YES;
				ENABLE_USER_SCRIPT_SANDBOXING = YES;
				GCC_C_LANGUAGE_STANDARD = gnu17;
				GCC_DYNAMIC_NO_PIC = NO;
				GCC_NO_COMMON_BLOCKS = YES;
				GCC_OPTIMIZATION_LEVEL = 0;
				GCC_PREPROCESSOR_DEFINITIONS = (
					"DEBUG=1",
					"$(inherited)",
				);
				GCC_WARN_64_TO_32_BIT_CONVERSION = YES;
				GCC_WARN_ABOUT_RETURN_TYPE = YES_ERROR;
				GCC_WARN_UNDECLARED_SELECTOR = YES;
				GCC_WARN_UNINITIALIZED_AUTOS = YES_AGGRESSIVE;
				GCC_WARN_UNUSED_FUNCTION = YES;
				GCC_WARN_UNUSED_VARIABLE = YES;
				LOCALIZATION_PREFERS_STRING_CATALOGS = YES;
				MTL_ENABLE_DEBUG_INFO = INCLUDE_SOURCE;
				MTL_FAST_MATH = YES;
				ONLY_ACTIVE_ARCH = YES;
				SWIFT_ACTIVE_COMPILATION_CONDITIONS = "DEBUG $(inherited)";
				SWIFT_OPTIMIZATION_LEVEL = "-Onone";
			};
			name = Debug;
		};
		70540F112B1E0C850053FC08 /* Release */ = {
			isa = XCBuildConfiguration;
			buildSettings = {
				ALWAYS_SEARCH_USER_PATHS = NO;
				ASSETCATALOG_COMPILER_GENERATE_SWIFT_ASSET_SYMBOL_EXTENSIONS = YES;
				CLANG_ANALYZER_NONNULL = YES;
				CLANG_ANALYZER_NUMBER_OBJECT_CONVERSION = YES_AGGRESSIVE;
				CLANG_CXX_LANGUAGE_STANDARD = "gnu++20";
				CLANG_ENABLE_MODULES = YES;
				CLANG_ENABLE_OBJC_ARC = YES;
				CLANG_ENABLE_OBJC_WEAK = YES;
				CLANG_WARN_BLOCK_CAPTURE_AUTORELEASING = YES;
				CLANG_WARN_BOOL_CONVERSION = YES;
				CLANG_WARN_COMMA = YES;
				CLANG_WARN_CONSTANT_CONVERSION = YES;
				CLANG_WARN_DEPRECATED_OBJC_IMPLEMENTATIONS = YES;
				CLANG_WARN_DIRECT_OBJC_ISA_USAGE = YES_ERROR;
				CLANG_WARN_DOCUMENTATION_COMMENTS = YES;
				CLANG_WARN_EMPTY_BODY = YES;
				CLANG_WARN_ENUM_CONVERSION = YES;
				CLANG_WARN_INFINITE_RECURSION = YES;
				CLANG_WARN_INT_CONVERSION = YES;
				CLANG_WARN_NON_LITERAL_NULL_CONVERSION = YES;
				CLANG_WARN_OBJC_IMPLICIT_RETAIN_SELF = YES;
				CLANG_WARN_OBJC_LITERAL_CONVERSION = YES;
				CLANG_WARN_OBJC_ROOT_CLASS = YES_ERROR;
				CLANG_WARN_QUOTED_INCLUDE_IN_FRAMEWORK_HEADER = YES;
				CLANG_WARN_RANGE_LOOP_ANALYSIS = YES;
				CLANG_WARN_STRICT_PROTOTYPES = YES;
				CLANG_WARN_SUSPICIOUS_MOVE = YES;
				CLANG_WARN_UNGUARDED_AVAILABILITY = YES_AGGRESSIVE;
				CLANG_WARN_UNREACHABLE_CODE = YES;
				CLANG_WARN__DUPLICATE_METHOD_MATCH = YES;
				COPY_PHASE_STRIP = NO;
				DEBUG_INFORMATION_FORMAT = "dwarf-with-dsym";
				ENABLE_NS_ASSERTIONS = NO;
				ENABLE_STRICT_OBJC_MSGSEND = YES;
				ENABLE_USER_SCRIPT_SANDBOXING = YES;
				GCC_C_LANGUAGE_STANDARD = gnu17;
				GCC_NO_COMMON_BLOCKS = YES;
				GCC_WARN_64_TO_32_BIT_CONVERSION = YES;
				GCC_WARN_ABOUT_RETURN_TYPE = YES_ERROR;
				GCC_WARN_UNDECLARED_SELECTOR = YES;
				GCC_WARN_UNINITIALIZED_AUTOS = YES_AGGRESSIVE;
				GCC_WARN_UNUSED_FUNCTION = YES;
				GCC_WARN_UNUSED_VARIABLE = YES;
				LOCALIZATION_PREFERS_STRING_CATALOGS = YES;
				MTL_ENABLE_DEBUG_INFO = NO;
				MTL_FAST_MATH = YES;
				SWIFT_COMPILATION_MODE = wholemodule;
			};
			name = Release;
		};
		70540F132B1E0C850053FC08 /* Debug */ = {
			isa = XCBuildConfiguration;
			buildSettings = {
				ASSETCATALOG_COMPILER_APPICON_NAME = AppIcon;
				ASSETCATALOG_COMPILER_GLOBAL_ACCENT_COLOR_NAME = AccentColor;
				CODE_SIGN_ENTITLEMENTS = PartyExplorer/PartyExplorer.entitlements;
				CODE_SIGN_STYLE = Automatic;
				CURRENT_PROJECT_VERSION = 1;
				DEVELOPMENT_ASSET_PATHS = "\"PartyExplorer/Preview Content\"";
				ENABLE_PREVIEWS = YES;
				GENERATE_INFOPLIST_FILE = YES;
				"INFOPLIST_KEY_UIApplicationSceneManifest_Generation[sdk=iphoneos*]" = YES;
				"INFOPLIST_KEY_UIApplicationSceneManifest_Generation[sdk=iphonesimulator*]" = YES;
				"INFOPLIST_KEY_UIApplicationSupportsIndirectInputEvents[sdk=iphoneos*]" = YES;
				"INFOPLIST_KEY_UIApplicationSupportsIndirectInputEvents[sdk=iphonesimulator*]" = YES;
				"INFOPLIST_KEY_UILaunchScreen_Generation[sdk=iphoneos*]" = YES;
				"INFOPLIST_KEY_UILaunchScreen_Generation[sdk=iphonesimulator*]" = YES;
				"INFOPLIST_KEY_UIStatusBarStyle[sdk=iphoneos*]" = UIStatusBarStyleDefault;
				"INFOPLIST_KEY_UIStatusBarStyle[sdk=iphonesimulator*]" = UIStatusBarStyleDefault;
				INFOPLIST_KEY_UISupportedInterfaceOrientations_iPad = "UIInterfaceOrientationPortrait UIInterfaceOrientationPortraitUpsideDown UIInterfaceOrientationLandscapeLeft UIInterfaceOrientationLandscapeRight";
				INFOPLIST_KEY_UISupportedInterfaceOrientations_iPhone = "UIInterfaceOrientationPortrait UIInterfaceOrientationLandscapeLeft UIInterfaceOrientationLandscapeRight";
				IPHONEOS_DEPLOYMENT_TARGET = 17.0;
				LD_RUNPATH_SEARCH_PATHS = "@executable_path/Frameworks";
				"LD_RUNPATH_SEARCH_PATHS[sdk=macosx*]" = "@executable_path/../Frameworks";
				MACOSX_DEPLOYMENT_TARGET = 14.0;
				MARKETING_VERSION = 1.0;
				PRODUCT_BUNDLE_IDENTIFIER = Poppin.PartyExplorer;
				PRODUCT_NAME = "$(TARGET_NAME)";
				SDKROOT = auto;
				SUPPORTED_PLATFORMS = "iphoneos iphonesimulator macosx";
				SWIFT_EMIT_LOC_STRINGS = YES;
				SWIFT_VERSION = 5.0;
				TARGETED_DEVICE_FAMILY = "1,2";
			};
			name = Debug;
		};
		70540F142B1E0C850053FC08 /* Release */ = {
			isa = XCBuildConfiguration;
			buildSettings = {
				ASSETCATALOG_COMPILER_APPICON_NAME = AppIcon;
				ASSETCATALOG_COMPILER_GLOBAL_ACCENT_COLOR_NAME = AccentColor;
				CODE_SIGN_ENTITLEMENTS = PartyExplorer/PartyExplorer.entitlements;
				CODE_SIGN_STYLE = Automatic;
				CURRENT_PROJECT_VERSION = 1;
				DEVELOPMENT_ASSET_PATHS = "\"PartyExplorer/Preview Content\"";
				ENABLE_PREVIEWS = YES;
				GENERATE_INFOPLIST_FILE = YES;
				"INFOPLIST_KEY_UIApplicationSceneManifest_Generation[sdk=iphoneos*]" = YES;
				"INFOPLIST_KEY_UIApplicationSceneManifest_Generation[sdk=iphonesimulator*]" = YES;
				"INFOPLIST_KEY_UIApplicationSupportsIndirectInputEvents[sdk=iphoneos*]" = YES;
				"INFOPLIST_KEY_UIApplicationSupportsIndirectInputEvents[sdk=iphonesimulator*]" = YES;
				"INFOPLIST_KEY_UILaunchScreen_Generation[sdk=iphoneos*]" = YES;
				"INFOPLIST_KEY_UILaunchScreen_Generation[sdk=iphonesimulator*]" = YES;
				"INFOPLIST_KEY_UIStatusBarStyle[sdk=iphoneos*]" = UIStatusBarStyleDefault;
				"INFOPLIST_KEY_UIStatusBarStyle[sdk=iphonesimulator*]" = UIStatusBarStyleDefault;
				INFOPLIST_KEY_UISupportedInterfaceOrientations_iPad = "UIInterfaceOrientationPortrait UIInterfaceOrientationPortraitUpsideDown UIInterfaceOrientationLandscapeLeft UIInterfaceOrientationLandscapeRight";
				INFOPLIST_KEY_UISupportedInterfaceOrientations_iPhone = "UIInterfaceOrientationPortrait UIInterfaceOrientationLandscapeLeft UIInterfaceOrientationLandscapeRight";
				IPHONEOS_DEPLOYMENT_TARGET = 17.0;
				LD_RUNPATH_SEARCH_PATHS = "@executable_path/Frameworks";
				"LD_RUNPATH_SEARCH_PATHS[sdk=macosx*]" = "@executable_path/../Frameworks";
				MACOSX_DEPLOYMENT_TARGET = 14.0;
				MARKETING_VERSION = 1.0;
				PRODUCT_BUNDLE_IDENTIFIER = Poppin.PartyExplorer;
				PRODUCT_NAME = "$(TARGET_NAME)";
				SDKROOT = auto;
				SUPPORTED_PLATFORMS = "iphoneos iphonesimulator macosx";
				SWIFT_EMIT_LOC_STRINGS = YES;
				SWIFT_VERSION = 5.0;
				TARGETED_DEVICE_FAMILY = "1,2";
			};
			name = Release;
		};
		70540F162B1E0C850053FC08 /* Debug */ = {
			isa = XCBuildConfiguration;
			buildSettings = {
				ALWAYS_EMBED_SWIFT_STANDARD_LIBRARIES = YES;
				BUNDLE_LOADER = "$(TEST_HOST)";
				CODE_SIGN_STYLE = Automatic;
				CURRENT_PROJECT_VERSION = 1;
				GENERATE_INFOPLIST_FILE = YES;
				IPHONEOS_DEPLOYMENT_TARGET = 17.0;
				MACOSX_DEPLOYMENT_TARGET = 14.0;
				MARKETING_VERSION = 1.0;
				PRODUCT_BUNDLE_IDENTIFIER = Poppin.PartyExplorerTests;
				PRODUCT_NAME = "$(TARGET_NAME)";
				SDKROOT = auto;
				SUPPORTED_PLATFORMS = "iphoneos iphonesimulator macosx";
				SWIFT_EMIT_LOC_STRINGS = NO;
				SWIFT_VERSION = 5.0;
				TARGETED_DEVICE_FAMILY = "1,2";
				TEST_HOST = "$(BUILT_PRODUCTS_DIR)/PartyExplorer.app/$(BUNDLE_EXECUTABLE_FOLDER_PATH)/PartyExplorer";
			};
			name = Debug;
		};
		70540F172B1E0C850053FC08 /* Release */ = {
			isa = XCBuildConfiguration;
			buildSettings = {
				ALWAYS_EMBED_SWIFT_STANDARD_LIBRARIES = YES;
				BUNDLE_LOADER = "$(TEST_HOST)";
				CODE_SIGN_STYLE = Automatic;
				CURRENT_PROJECT_VERSION = 1;
				GENERATE_INFOPLIST_FILE = YES;
				IPHONEOS_DEPLOYMENT_TARGET = 17.0;
				MACOSX_DEPLOYMENT_TARGET = 14.0;
				MARKETING_VERSION = 1.0;
				PRODUCT_BUNDLE_IDENTIFIER = Poppin.PartyExplorerTests;
				PRODUCT_NAME = "$(TARGET_NAME)";
				SDKROOT = auto;
				SUPPORTED_PLATFORMS = "iphoneos iphonesimulator macosx";
				SWIFT_EMIT_LOC_STRINGS = NO;
				SWIFT_VERSION = 5.0;
				TARGETED_DEVICE_FAMILY = "1,2";
				TEST_HOST = "$(BUILT_PRODUCTS_DIR)/PartyExplorer.app/$(BUNDLE_EXECUTABLE_FOLDER_PATH)/PartyExplorer";
			};
			name = Release;
		};
		70540F192B1E0C850053FC08 /* Debug */ = {
			isa = XCBuildConfiguration;
			buildSettings = {
				ALWAYS_EMBED_SWIFT_STANDARD_LIBRARIES = YES;
				CODE_SIGN_STYLE = Automatic;
				CURRENT_PROJECT_VERSION = 1;
				GENERATE_INFOPLIST_FILE = YES;
				IPHONEOS_DEPLOYMENT_TARGET = 17.0;
				MACOSX_DEPLOYMENT_TARGET = 14.0;
				MARKETING_VERSION = 1.0;
				PRODUCT_BUNDLE_IDENTIFIER = Poppin.PartyExplorerUITests;
				PRODUCT_NAME = "$(TARGET_NAME)";
				SDKROOT = auto;
				SUPPORTED_PLATFORMS = "iphoneos iphonesimulator macosx";
				SWIFT_EMIT_LOC_STRINGS = NO;
				SWIFT_VERSION = 5.0;
				TARGETED_DEVICE_FAMILY = "1,2";
				TEST_TARGET_NAME = PartyExplorer;
			};
			name = Debug;
		};
		70540F1A2B1E0C850053FC08 /* Release */ = {
			isa = XCBuildConfiguration;
			buildSettings = {
				ALWAYS_EMBED_SWIFT_STANDARD_LIBRARIES = YES;
				CODE_SIGN_STYLE = Automatic;
				CURRENT_PROJECT_VERSION = 1;
				GENERATE_INFOPLIST_FILE = YES;
				IPHONEOS_DEPLOYMENT_TARGET = 17.0;
				MACOSX_DEPLOYMENT_TARGET = 14.0;
				MARKETING_VERSION = 1.0;
				PRODUCT_BUNDLE_IDENTIFIER = Poppin.PartyExplorerUITests;
				PRODUCT_NAME = "$(TARGET_NAME)";
				SDKROOT = auto;
				SUPPORTED_PLATFORMS = "iphoneos iphonesimulator macosx";
				SWIFT_EMIT_LOC_STRINGS = NO;
				SWIFT_VERSION = 5.0;
				TARGETED_DEVICE_FAMILY = "1,2";
				TEST_TARGET_NAME = PartyExplorer;
			};
			name = Release;
		};
/* End XCBuildConfiguration section */

/* Begin XCConfigurationList section */
		70540EE82B1E0C840053FC08 /* Build configuration list for PBXProject "PartyExplorer" */ = {
			isa = XCConfigurationList;
			buildConfigurations = (
				70540F102B1E0C850053FC08 /* Debug */,
				70540F112B1E0C850053FC08 /* Release */,
			);
			defaultConfigurationIsVisible = 0;
			defaultConfigurationName = Release;
		};
		70540F122B1E0C850053FC08 /* Build configuration list for PBXNativeTarget "PartyExplorer" */ = {
			isa = XCConfigurationList;
			buildConfigurations = (
				70540F132B1E0C850053FC08 /* Debug */,
				70540F142B1E0C850053FC08 /* Release */,
			);
			defaultConfigurationIsVisible = 0;
			defaultConfigurationName = Release;
		};
		70540F152B1E0C850053FC08 /* Build configuration list for PBXNativeTarget "PartyExplorerTests" */ = {
			isa = XCConfigurationList;
			buildConfigurations = (
				70540F162B1E0C850053FC08 /* Debug */,
				70540F172B1E0C850053FC08 /* Release */,
			);
			defaultConfigurationIsVisible = 0;
			defaultConfigurationName = Release;
		};
		70540F182B1E0C850053FC08 /* Build configuration list for PBXNativeTarget "PartyExplorerUITests" */ = {
			isa = XCConfigurationList;
			buildConfigurations = (
				70540F192B1E0C850053FC08 /* Debug */,
				70540F1A2B1E0C850053FC08 /* Release */,
			);
			defaultConfigurationIsVisible = 0;
			defaultConfigurationName = Release;
		};
/* End XCConfigurationList section */
	};
	rootObject = 70540EE52B1E0C840053FC08 /* Project object */;
}
